{
  "nodes": {
    "nixpkgs": {
      "locked": {
        "lastModified": 1716542732,
        "narHash": "sha256-0Y9fRr0CUqWT4KgBITmaGwlnNIGMYuydu2L8iLTfHU4=",
        "rev": "d12251ef6e8e6a46e05689eeccd595bdbd3c9e60",
        "revCount": 630312,
        "type": "tarball",
        "url": "https://api.flakehub.com/f/pinned/NixOS/nixpkgs/0.2405.630312%2Brev-d12251ef6e8e6a46e05689eeccd595bdbd3c9e60/018faf94-e6fb-7392-bbbf-2ebe86d55f64/source.tar.gz"
      },
      "original": {
        "type": "tarball",
        "url": "https://flakehub.com/f/NixOS/nixpkgs/0.2405.630312.tar.gz"
      }
    },
    "root": {
      "inputs": {
        "nixpkgs": "nixpkgs"
      }
    }
  },
  "root": "root",
  "version": 7
}
